
Microsoft Visual Studio Solution File, Format Version 12.00
# Visual Studio Version 17
VisualStudioVersion = 17.7.34031.279
MinimumVisualStudioVersion = 10.0.40219.1
Project("{FAE04EC0-301F-11D3-BF4B-00C04F79EFBC}") = "Bai1", "Bai1\Bai1.csproj", "{0A606646-2A30-4F46-9BC6-98B2C2B7F890}"
EndProject
Global
	GlobalSection(SolutionConfigurationPlatforms) = preSolution
		Debug|Any CPU = Debug|Any CPU
		Release|Any CPU = Release|Any CPU
	EndGlobalSection
	GlobalSection(ProjectConfigurationPlatforms) = postSolution
		{0A606646-2A30-4F46-9BC6-98B2C2B7F890}.Debug|Any CPU.ActiveCfg = Debug|Any CPU
		{0A606646-2A30-4F46-9BC6-98B2C2B7F890}.Debug|Any CPU.Build.0 = Debug|Any CPU
		{0A606646-2A30-4F46-9BC6-98B2C2B7F890}.Release|Any CPU.ActiveCfg = Release|Any CPU
		{0A606646-2A30-4F46-9BC6-98B2C2B7F890}.Release|Any CPU.Build.0 = Release|Any CPU
	EndGlobalSection
	GlobalSection(SolutionProperties) = preSolution
		HideSolutionNode = FALSE
	EndGlobalSection
	GlobalSection(ExtensibilityGlobals) = postSolution
		SolutionGuid = {AC3349F3-3176-4047-8229-91B4E75368C0}
	EndGlobalSection
EndGlobal
