
Microsoft Visual Studio Solution File, Format Version 12.00
# Visual Studio Version 17
VisualStudioVersion = 17.7.34031.279
MinimumVisualStudioVersion = 10.0.40219.1
Project("{FAE04EC0-301F-11D3-BF4B-00C04F79EFBC}") = "Phieu1_Bai1", "Phieu1\Phieu1_Bai1.csproj", "{35296ACB-259A-44AA-A604-631E41D519D4}"
EndProject
Project("{FAE04EC0-301F-11D3-BF4B-00C04F79EFBC}") = "Phieu1_Bai2", "Phieu1_Bai2\Phieu1_Bai2.csproj", "{5C8781AC-08EB-4748-86DF-C2D6E3D032A8}"
EndProject
Project("{FAE04EC0-301F-11D3-BF4B-00C04F79EFBC}") = "Phieu1_Bai3", "Student\Phieu1_Bai3.csproj", "{93B7EA44-1ADC-48EA-B128-F66752CF7B0E}"
EndProject
Global
	GlobalSection(SolutionConfigurationPlatforms) = preSolution
		Debug|Any CPU = Debug|Any CPU
		Release|Any CPU = Release|Any CPU
	EndGlobalSection
	GlobalSection(ProjectConfigurationPlatforms) = postSolution
		{35296ACB-259A-44AA-A604-631E41D519D4}.Debug|Any CPU.ActiveCfg = Debug|Any CPU
		{35296ACB-259A-44AA-A604-631E41D519D4}.Debug|Any CPU.Build.0 = Debug|Any CPU
		{35296ACB-259A-44AA-A604-631E41D519D4}.Release|Any CPU.ActiveCfg = Release|Any CPU
		{35296ACB-259A-44AA-A604-631E41D519D4}.Release|Any CPU.Build.0 = Release|Any CPU
		{5C8781AC-08EB-4748-86DF-C2D6E3D032A8}.Debug|Any CPU.ActiveCfg = Debug|Any CPU
		{5C8781AC-08EB-4748-86DF-C2D6E3D032A8}.Debug|Any CPU.Build.0 = Debug|Any CPU
		{5C8781AC-08EB-4748-86DF-C2D6E3D032A8}.Release|Any CPU.ActiveCfg = Release|Any CPU
		{5C8781AC-08EB-4748-86DF-C2D6E3D032A8}.Release|Any CPU.Build.0 = Release|Any CPU
		{93B7EA44-1ADC-48EA-B128-F66752CF7B0E}.Debug|Any CPU.ActiveCfg = Debug|Any CPU
		{93B7EA44-1ADC-48EA-B128-F66752CF7B0E}.Debug|Any CPU.Build.0 = Debug|Any CPU
		{93B7EA44-1ADC-48EA-B128-F66752CF7B0E}.Release|Any CPU.ActiveCfg = Release|Any CPU
		{93B7EA44-1ADC-48EA-B128-F66752CF7B0E}.Release|Any CPU.Build.0 = Release|Any CPU
	EndGlobalSection
	GlobalSection(SolutionProperties) = preSolution
		HideSolutionNode = FALSE
	EndGlobalSection
	GlobalSection(ExtensibilityGlobals) = postSolution
		SolutionGuid = {A7C71578-616D-4340-8947-44E3E8192D1A}
	EndGlobalSection
EndGlobal
