
Microsoft Visual Studio Solution File, Format Version 12.00
# Visual Studio Version 17
VisualStudioVersion = 17.7.34031.279
MinimumVisualStudioVersion = 10.0.40219.1
Project("{FAE04EC0-301F-11D3-BF4B-00C04F79EFBC}") = "TX1", "TX1\TX1.csproj", "{DE353A90-CA6A-407B-9C20-95C6AD69E661}"
EndProject
Global
	GlobalSection(SolutionConfigurationPlatforms) = preSolution
		Debug|Any CPU = Debug|Any CPU
		Release|Any CPU = Release|Any CPU
	EndGlobalSection
	GlobalSection(ProjectConfigurationPlatforms) = postSolution
		{DE353A90-CA6A-407B-9C20-95C6AD69E661}.Debug|Any CPU.ActiveCfg = Debug|Any CPU
		{DE353A90-CA6A-407B-9C20-95C6AD69E661}.Debug|Any CPU.Build.0 = Debug|Any CPU
		{DE353A90-CA6A-407B-9C20-95C6AD69E661}.Release|Any CPU.ActiveCfg = Release|Any CPU
		{DE353A90-CA6A-407B-9C20-95C6AD69E661}.Release|Any CPU.Build.0 = Release|Any CPU
	EndGlobalSection
	GlobalSection(SolutionProperties) = preSolution
		HideSolutionNode = FALSE
	EndGlobalSection
	GlobalSection(ExtensibilityGlobals) = postSolution
		SolutionGuid = {29AEF7A8-0760-482B-A88B-E868531F925F}
	EndGlobalSection
EndGlobal
