
Microsoft Visual Studio Solution File, Format Version 12.00
# Visual Studio Version 17
VisualStudioVersion = 17.7.34031.279
MinimumVisualStudioVersion = 10.0.40219.1
Project("{FAE04EC0-301F-11D3-BF4B-00C04F79EFBC}") = "DEMOBANHANG2", "DEMOBANHANG2.csproj", "{301EABA8-8819-480D-810D-C3C697FA4B35}"
EndProject
Global
	GlobalSection(SolutionConfigurationPlatforms) = preSolution
		Debug|Any CPU = Debug|Any CPU
		Release|Any CPU = Release|Any CPU
	EndGlobalSection
	GlobalSection(ProjectConfigurationPlatforms) = postSolution
		{301EABA8-8819-480D-810D-C3C697FA4B35}.Debug|Any CPU.ActiveCfg = Debug|Any CPU
		{301EABA8-8819-480D-810D-C3C697FA4B35}.Debug|Any CPU.Build.0 = Debug|Any CPU
		{301EABA8-8819-480D-810D-C3C697FA4B35}.Release|Any CPU.ActiveCfg = Release|Any CPU
		{301EABA8-8819-480D-810D-C3C697FA4B35}.Release|Any CPU.Build.0 = Release|Any CPU
	EndGlobalSection
	GlobalSection(SolutionProperties) = preSolution
		HideSolutionNode = FALSE
	EndGlobalSection
	GlobalSection(ExtensibilityGlobals) = postSolution
		SolutionGuid = {2FD09F92-3510-4F01-BAED-FC459E2DADAD}
	EndGlobalSection
EndGlobal
