
Microsoft Visual Studio Solution File, Format Version 12.00
# Visual Studio Version 17
VisualStudioVersion = 17.7.34031.279
MinimumVisualStudioVersion = 10.0.40219.1
Project("{FAE04EC0-301F-11D3-BF4B-00C04F79EFBC}") = "Bai9", "Bai9\Bai9.csproj", "{301836AC-FF3B-40D9-A1E1-9B70879E6727}"
EndProject
Global
	GlobalSection(SolutionConfigurationPlatforms) = preSolution
		Debug|Any CPU = Debug|Any CPU
		Release|Any CPU = Release|Any CPU
	EndGlobalSection
	GlobalSection(ProjectConfigurationPlatforms) = postSolution
		{301836AC-FF3B-40D9-A1E1-9B70879E6727}.Debug|Any CPU.ActiveCfg = Debug|Any CPU
		{301836AC-FF3B-40D9-A1E1-9B70879E6727}.Debug|Any CPU.Build.0 = Debug|Any CPU
		{301836AC-FF3B-40D9-A1E1-9B70879E6727}.Release|Any CPU.ActiveCfg = Release|Any CPU
		{301836AC-FF3B-40D9-A1E1-9B70879E6727}.Release|Any CPU.Build.0 = Release|Any CPU
	EndGlobalSection
	GlobalSection(SolutionProperties) = preSolution
		HideSolutionNode = FALSE
	EndGlobalSection
	GlobalSection(ExtensibilityGlobals) = postSolution
		SolutionGuid = {D6B62398-6B4E-4337-87AB-0BB0127EED88}
	EndGlobalSection
EndGlobal
